
Microsoft Visual Studio Solution File, Format Version 12.00
# Visual Studio Version 16
VisualStudioVersion = 16.0.31624.102
MinimumVisualStudioVersion = 10.0.40219.1
Project("{FAE04EC0-301F-11D3-BF4B-00C04F79EFBC}") = "TiAutoQATest", "TiAutoQATest\TiAutoQATest.csproj", "{683C9F13-ED8B-453C-87A5-53BD27A6C622}"
EndProject
Global
	GlobalSection(SolutionConfigurationPlatforms) = preSolution
		Debug|Any CPU = Debug|Any CPU
		Release|Any CPU = Release|Any CPU
	EndGlobalSection
	GlobalSection(ProjectConfigurationPlatforms) = postSolution
		{683C9F13-ED8B-453C-87A5-53BD27A6C622}.Debug|Any CPU.ActiveCfg = Debug|Any CPU
		{683C9F13-ED8B-453C-87A5-53BD27A6C622}.Debug|Any CPU.Build.0 = Debug|Any CPU
		{683C9F13-ED8B-453C-87A5-53BD27A6C622}.Release|Any CPU.ActiveCfg = Release|Any CPU
		{683C9F13-ED8B-453C-87A5-53BD27A6C622}.Release|Any CPU.Build.0 = Release|Any CPU
	EndGlobalSection
	GlobalSection(SolutionProperties) = preSolution
		HideSolutionNode = FALSE
	EndGlobalSection
	GlobalSection(ExtensibilityGlobals) = postSolution
		SolutionGuid = {FF0FB399-B99E-40D4-B262-08520C240856}
	EndGlobalSection
EndGlobal
